
Microsoft Visual Studio Solution File, Format Version 12.00
# Visual Studio Version 17
VisualStudioVersion = 17.8.34511.84
MinimumVisualStudioVersion = 10.0.40219.1
Project("{8BC9CEB8-8B4A-11D0-8D11-00A0C91BC942}") = "Hojas profundas", "Hojas profundas\Hojas profundas.vcxproj", "{91433649-0CAF-4850-A262-D7C4059A7DFA}"
EndProject
Global
	GlobalSection(SolutionConfigurationPlatforms) = preSolution
		Debug|x64 = Debug|x64
		Debug|x86 = Debug|x86
		Release|x64 = Release|x64
		Release|x86 = Release|x86
	EndGlobalSection
	GlobalSection(ProjectConfigurationPlatforms) = postSolution
		{91433649-0CAF-4850-A262-D7C4059A7DFA}.Debug|x64.ActiveCfg = Debug|x64
		{91433649-0CAF-4850-A262-D7C4059A7DFA}.Debug|x64.Build.0 = Debug|x64
		{91433649-0CAF-4850-A262-D7C4059A7DFA}.Debug|x86.ActiveCfg = Debug|Win32
		{91433649-0CAF-4850-A262-D7C4059A7DFA}.Debug|x86.Build.0 = Debug|Win32
		{91433649-0CAF-4850-A262-D7C4059A7DFA}.Release|x64.ActiveCfg = Release|x64
		{91433649-0CAF-4850-A262-D7C4059A7DFA}.Release|x64.Build.0 = Release|x64
		{91433649-0CAF-4850-A262-D7C4059A7DFA}.Release|x86.ActiveCfg = Release|Win32
		{91433649-0CAF-4850-A262-D7C4059A7DFA}.Release|x86.Build.0 = Release|Win32
	EndGlobalSection
	GlobalSection(SolutionProperties) = preSolution
		HideSolutionNode = FALSE
	EndGlobalSection
	GlobalSection(ExtensibilityGlobals) = postSolution
		SolutionGuid = {985D04A3-F902-44C6-8090-C1B3744F634D}
	EndGlobalSection
EndGlobal
